
Microsoft Visual Studio Solution File, Format Version 12.00
# Visual Studio Version 16
VisualStudioVersion = 16.0.31229.75
MinimumVisualStudioVersion = 10.0.40219.1
Project("{FAE04EC0-301F-11D3-BF4B-00C04F79EFBC}") = "API", "API\API\API.csproj", "{3769E90D-1471-4C17-9E07-8CBE7722155B}"
EndProject
Project("{FAE04EC0-301F-11D3-BF4B-00C04F79EFBC}") = "Application", "Application\Application\Application.csproj", "{00A4BCD8-E8F3-4F5B-86A7-FCA307678706}"
EndProject
Project("{FAE04EC0-301F-11D3-BF4B-00C04F79EFBC}") = "Entities", "Entities\Entities\Entities.csproj", "{F09DB75B-314C-472F-A374-E2C06A11481E}"
EndProject
Project("{FAE04EC0-301F-11D3-BF4B-00C04F79EFBC}") = "Persistence", "Persistence\Persistence\Persistence.csproj", "{A96D2A90-4C56-40EA-9453-3A4C3685F3AD}"
EndProject
Global
	GlobalSection(SolutionConfigurationPlatforms) = preSolution
		Debug|Any CPU = Debug|Any CPU
		Release|Any CPU = Release|Any CPU
	EndGlobalSection
	GlobalSection(ProjectConfigurationPlatforms) = postSolution
		{3769E90D-1471-4C17-9E07-8CBE7722155B}.Debug|Any CPU.ActiveCfg = Debug|Any CPU
		{3769E90D-1471-4C17-9E07-8CBE7722155B}.Debug|Any CPU.Build.0 = Debug|Any CPU
		{3769E90D-1471-4C17-9E07-8CBE7722155B}.Release|Any CPU.ActiveCfg = Release|Any CPU
		{3769E90D-1471-4C17-9E07-8CBE7722155B}.Release|Any CPU.Build.0 = Release|Any CPU
		{00A4BCD8-E8F3-4F5B-86A7-FCA307678706}.Debug|Any CPU.ActiveCfg = Debug|Any CPU
		{00A4BCD8-E8F3-4F5B-86A7-FCA307678706}.Debug|Any CPU.Build.0 = Debug|Any CPU
		{00A4BCD8-E8F3-4F5B-86A7-FCA307678706}.Release|Any CPU.ActiveCfg = Release|Any CPU
		{00A4BCD8-E8F3-4F5B-86A7-FCA307678706}.Release|Any CPU.Build.0 = Release|Any CPU
		{F09DB75B-314C-472F-A374-E2C06A11481E}.Debug|Any CPU.ActiveCfg = Debug|Any CPU
		{F09DB75B-314C-472F-A374-E2C06A11481E}.Debug|Any CPU.Build.0 = Debug|Any CPU
		{F09DB75B-314C-472F-A374-E2C06A11481E}.Release|Any CPU.ActiveCfg = Release|Any CPU
		{F09DB75B-314C-472F-A374-E2C06A11481E}.Release|Any CPU.Build.0 = Release|Any CPU
		{A96D2A90-4C56-40EA-9453-3A4C3685F3AD}.Debug|Any CPU.ActiveCfg = Debug|Any CPU
		{A96D2A90-4C56-40EA-9453-3A4C3685F3AD}.Debug|Any CPU.Build.0 = Debug|Any CPU
		{A96D2A90-4C56-40EA-9453-3A4C3685F3AD}.Release|Any CPU.ActiveCfg = Release|Any CPU
		{A96D2A90-4C56-40EA-9453-3A4C3685F3AD}.Release|Any CPU.Build.0 = Release|Any CPU
	EndGlobalSection
	GlobalSection(SolutionProperties) = preSolution
		HideSolutionNode = FALSE
	EndGlobalSection
	GlobalSection(ExtensibilityGlobals) = postSolution
		SolutionGuid = {21BDDD07-4DEF-4C89-8F3E-89A1A537A012}
	EndGlobalSection
EndGlobal
